// !$*UTF8*$!
{
	archiveVersion = 1;
	classes = {
	};
	objectVersion = 46;
	objects = {

/* Begin PBXBuildFile section */
		CB06F9171C987434006F6690 /* GameState.cpp in Sources */ = {isa = PBXBuildFile; fileRef = CB06F9151C987434006F6690 /* GameState.cpp */; settings = {ASSET_TAGS = (); }; };
		CB06F91B1C99BBA5006F6690 /* AISettings.cpp in Sources */ = {isa = PBXBuildFile; fileRef = CB06F9191C99BBA5006F6690 /* AISettings.cpp */; settings = {ASSET_TAGS = (); }; };
		CB3B408F1C8F454200D495CA /* Button.cpp in Sources */ = {isa = PBXBuildFile; fileRef = CB3B406E1C8F454200D495CA /* Button.cpp */; settings = {ASSET_TAGS = (); }; };
		CB3B40901C8F454200D495CA /* ImageBank.cpp in Sources */ = {isa = PBXBuildFile; fileRef = CB3B40701C8F454200D495CA /* ImageBank.cpp */; settings = {ASSET_TAGS = (); }; };
		CB3B40911C8F454200D495CA /* Game.cpp in Sources */ = {isa = PBXBuildFile; fileRef = CB3B40741C8F454200D495CA /* Game.cpp */; settings = {ASSET_TAGS = (); }; };
		CB3B40921C8F454200D495CA /* ChickPiece.cpp in Sources */ = {isa = PBXBuildFile; fileRef = CB3B40771C8F454200D495CA /* ChickPiece.cpp */; settings = {ASSET_TAGS = (); }; };
		CB3B40931C8F454200D495CA /* ElephantPiece.cpp in Sources */ = {isa = PBXBuildFile; fileRef = CB3B40791C8F454200D495CA /* ElephantPiece.cpp */; settings = {ASSET_TAGS = (); }; };
		CB3B40941C8F454200D495CA /* GamePiece.cpp in Sources */ = {isa = PBXBuildFile; fileRef = CB3B407B1C8F454200D495CA /* GamePiece.cpp */; settings = {ASSET_TAGS = (); }; };
		CB3B40951C8F454200D495CA /* GiraffePiece.cpp in Sources */ = {isa = PBXBuildFile; fileRef = CB3B407D1C8F454200D495CA /* GiraffePiece.cpp */; settings = {ASSET_TAGS = (); }; };
		CB3B40961C8F454200D495CA /* HenPiece.cpp in Sources */ = {isa = PBXBuildFile; fileRef = CB3B407F1C8F454200D495CA /* HenPiece.cpp */; settings = {ASSET_TAGS = (); }; };
		CB3B40971C8F454200D495CA /* LionPiece.cpp in Sources */ = {isa = PBXBuildFile; fileRef = CB3B40811C8F454200D495CA /* LionPiece.cpp */; settings = {ASSET_TAGS = (); }; };
		CB3B40981C8F454200D495CA /* Player.cpp in Sources */ = {isa = PBXBuildFile; fileRef = CB3B40831C8F454200D495CA /* Player.cpp */; settings = {ASSET_TAGS = (); }; };
		CB3B40991C8F454200D495CA /* Frontend.cpp in Sources */ = {isa = PBXBuildFile; fileRef = CB3B40861C8F454200D495CA /* Frontend.cpp */; settings = {ASSET_TAGS = (); }; };
		CB3B409A1C8F454200D495CA /* GameOver.cpp in Sources */ = {isa = PBXBuildFile; fileRef = CB3B40881C8F454200D495CA /* GameOver.cpp */; settings = {ASSET_TAGS = (); }; };
		CB3B409B1C8F454200D495CA /* AIBrain.cpp in Sources */ = {isa = PBXBuildFile; fileRef = CB3B408B1C8F454200D495CA /* AIBrain.cpp */; settings = {ASSET_TAGS = (); }; };
		CB3B409C1C8F454200D495CA /* Lookahead.cpp in Sources */ = {isa = PBXBuildFile; fileRef = CB3B408D1C8F454200D495CA /* Lookahead.cpp */; settings = {ASSET_TAGS = (); }; };
		CB3B409F1C8F45B600D495CA /* BlankPiece.cpp in Sources */ = {isa = PBXBuildFile; fileRef = CB3B409D1C8F45B600D495CA /* BlankPiece.cpp */; settings = {ASSET_TAGS = (); }; };
		E4328149138ABC9F0047C5CB /* openFrameworksDebug.a in Frameworks */ = {isa = PBXBuildFile; fileRef = E4328148138ABC890047C5CB /* openFrameworksDebug.a */; };
		E4B69E200A3A1BDC003C02F2 /* main.cpp in Sources */ = {isa = PBXBuildFile; fileRef = E4B69E1D0A3A1BDC003C02F2 /* main.cpp */; };
		E4B69E210A3A1BDC003C02F2 /* ofApp.cpp in Sources */ = {isa = PBXBuildFile; fileRef = E4B69E1E0A3A1BDC003C02F2 /* ofApp.cpp */; };
/* End PBXBuildFile section */

/* Begin PBXContainerItemProxy section */
		E4328147138ABC890047C5CB /* PBXContainerItemProxy */ = {
			isa = PBXContainerItemProxy;
			containerPortal = E4328143138ABC890047C5CB /* openFrameworksLib.xcodeproj */;
			proxyType = 2;
			remoteGlobalIDString = E4B27C1510CBEB8E00536013;
			remoteInfo = openFrameworks;
		};
		E4EEB9AB138B136A00A80321 /* PBXContainerItemProxy */ = {
			isa = PBXContainerItemProxy;
			containerPortal = E4328143138ABC890047C5CB /* openFrameworksLib.xcodeproj */;
			proxyType = 1;
			remoteGlobalIDString = E4B27C1410CBEB8E00536013;
			remoteInfo = openFrameworks;
		};
/* End PBXContainerItemProxy section */

/* Begin PBXCopyFilesBuildPhase section */
		E4C2427710CC5ABF004149E2 /* CopyFiles */ = {
			isa = PBXCopyFilesBuildPhase;
			buildActionMask = 2147483647;
			dstPath = "";
			dstSubfolderSpec = 10;
			files = (
			);
			runOnlyForDeploymentPostprocessing = 0;
		};
/* End PBXCopyFilesBuildPhase section */

/* Begin PBXFileReference section */
		CB06F9151C987434006F6690 /* GameState.cpp */ = {isa = PBXFileReference; fileEncoding = 4; lastKnownFileType = sourcecode.cpp.cpp; path = GameState.cpp; sourceTree = "<group>"; };
		CB06F9161C987434006F6690 /* GameState.hpp */ = {isa = PBXFileReference; fileEncoding = 4; lastKnownFileType = sourcecode.cpp.h; path = GameState.hpp; sourceTree = "<group>"; };
		CB06F9191C99BBA5006F6690 /* AISettings.cpp */ = {isa = PBXFileReference; fileEncoding = 4; lastKnownFileType = sourcecode.cpp.cpp; path = AISettings.cpp; sourceTree = "<group>"; };
		CB06F91A1C99BBA5006F6690 /* AISettings.hpp */ = {isa = PBXFileReference; fileEncoding = 4; lastKnownFileType = sourcecode.cpp.h; path = AISettings.hpp; sourceTree = "<group>"; };
		CB3B406E1C8F454200D495CA /* Button.cpp */ = {isa = PBXFileReference; fileEncoding = 4; lastKnownFileType = sourcecode.cpp.cpp; path = Button.cpp; sourceTree = "<group>"; };
		CB3B406F1C8F454200D495CA /* Button.hpp */ = {isa = PBXFileReference; fileEncoding = 4; lastKnownFileType = sourcecode.cpp.h; path = Button.hpp; sourceTree = "<group>"; };
		CB3B40701C8F454200D495CA /* ImageBank.cpp */ = {isa = PBXFileReference; fileEncoding = 4; lastKnownFileType = sourcecode.cpp.cpp; path = ImageBank.cpp; sourceTree = "<group>"; };
		CB3B40711C8F454200D495CA /* ImageBank.hpp */ = {isa = PBXFileReference; fileEncoding = 4; lastKnownFileType = sourcecode.cpp.h; path = ImageBank.hpp; sourceTree = "<group>"; };
		CB3B40721C8F454200D495CA /* State.hpp */ = {isa = PBXFileReference; fileEncoding = 4; lastKnownFileType = sourcecode.cpp.h; path = State.hpp; sourceTree = "<group>"; };
		CB3B40741C8F454200D495CA /* Game.cpp */ = {isa = PBXFileReference; fileEncoding = 4; lastKnownFileType = sourcecode.cpp.cpp; path = Game.cpp; sourceTree = "<group>"; };
		CB3B40751C8F454200D495CA /* Game.hpp */ = {isa = PBXFileReference; fileEncoding = 4; lastKnownFileType = sourcecode.cpp.h; path = Game.hpp; sourceTree = "<group>"; };
		CB3B40771C8F454200D495CA /* ChickPiece.cpp */ = {isa = PBXFileReference; fileEncoding = 4; lastKnownFileType = sourcecode.cpp.cpp; path = ChickPiece.cpp; sourceTree = "<group>"; };
		CB3B40781C8F454200D495CA /* ChickPiece.hpp */ = {isa = PBXFileReference; fileEncoding = 4; lastKnownFileType = sourcecode.cpp.h; path = ChickPiece.hpp; sourceTree = "<group>"; };
		CB3B40791C8F454200D495CA /* ElephantPiece.cpp */ = {isa = PBXFileReference; fileEncoding = 4; lastKnownFileType = sourcecode.cpp.cpp; path = ElephantPiece.cpp; sourceTree = "<group>"; };
		CB3B407A1C8F454200D495CA /* ElephantPiece.hpp */ = {isa = PBXFileReference; fileEncoding = 4; lastKnownFileType = sourcecode.cpp.h; path = ElephantPiece.hpp; sourceTree = "<group>"; };
		CB3B407B1C8F454200D495CA /* GamePiece.cpp */ = {isa = PBXFileReference; fileEncoding = 4; lastKnownFileType = sourcecode.cpp.cpp; path = GamePiece.cpp; sourceTree = "<group>"; };
		CB3B407C1C8F454200D495CA /* GamePiece.hpp */ = {isa = PBXFileReference; fileEncoding = 4; lastKnownFileType = sourcecode.cpp.h; path = GamePiece.hpp; sourceTree = "<group>"; };
		CB3B407D1C8F454200D495CA /* GiraffePiece.cpp */ = {isa = PBXFileReference; fileEncoding = 4; lastKnownFileType = sourcecode.cpp.cpp; path = GiraffePiece.cpp; sourceTree = "<group>"; };
		CB3B407E1C8F454200D495CA /* GiraffePiece.hpp */ = {isa = PBXFileReference; fileEncoding = 4; lastKnownFileType = sourcecode.cpp.h; path = GiraffePiece.hpp; sourceTree = "<group>"; };
		CB3B407F1C8F454200D495CA /* HenPiece.cpp */ = {isa = PBXFileReference; fileEncoding = 4; lastKnownFileType = sourcecode.cpp.cpp; path = HenPiece.cpp; sourceTree = "<group>"; };
		CB3B40801C8F454200D495CA /* HenPiece.hpp */ = {isa = PBXFileReference; fileEncoding = 4; lastKnownFileType = sourcecode.cpp.h; path = HenPiece.hpp; sourceTree = "<group>"; };
		CB3B40811C8F454200D495CA /* LionPiece.cpp */ = {isa = PBXFileReference; fileEncoding = 4; lastKnownFileType = sourcecode.cpp.cpp; path = LionPiece.cpp; sourceTree = "<group>"; };
		CB3B40821C8F454200D495CA /* LionPiece.hpp */ = {isa = PBXFileReference; fileEncoding = 4; lastKnownFileType = sourcecode.cpp.h; path = LionPiece.hpp; sourceTree = "<group>"; };
		CB3B40831C8F454200D495CA /* Player.cpp */ = {isa = PBXFileReference; fileEncoding = 4; lastKnownFileType = sourcecode.cpp.cpp; path = Player.cpp; sourceTree = "<group>"; };
		CB3B40841C8F454200D495CA /* Player.hpp */ = {isa = PBXFileReference; fileEncoding = 4; lastKnownFileType = sourcecode.cpp.h; path = Player.hpp; sourceTree = "<group>"; };
		CB3B40861C8F454200D495CA /* Frontend.cpp */ = {isa = PBXFileReference; fileEncoding = 4; lastKnownFileType = sourcecode.cpp.cpp; path = Frontend.cpp; sourceTree = "<group>"; };
		CB3B40871C8F454200D495CA /* Frontend.hpp */ = {isa = PBXFileReference; fileEncoding = 4; lastKnownFileType = sourcecode.cpp.h; path = Frontend.hpp; sourceTree = "<group>"; };
		CB3B40881C8F454200D495CA /* GameOver.cpp */ = {isa = PBXFileReference; fileEncoding = 4; lastKnownFileType = sourcecode.cpp.cpp; path = GameOver.cpp; sourceTree = "<group>"; };
		CB3B40891C8F454200D495CA /* GameOver.hpp */ = {isa = PBXFileReference; fileEncoding = 4; lastKnownFileType = sourcecode.cpp.h; path = GameOver.hpp; sourceTree = "<group>"; };
		CB3B408B1C8F454200D495CA /* AIBrain.cpp */ = {isa = PBXFileReference; fileEncoding = 4; lastKnownFileType = sourcecode.cpp.cpp; path = AIBrain.cpp; sourceTree = "<group>"; };
		CB3B408C1C8F454200D495CA /* AIBrain.hpp */ = {isa = PBXFileReference; fileEncoding = 4; lastKnownFileType = sourcecode.cpp.h; path = AIBrain.hpp; sourceTree = "<group>"; };
		CB3B408D1C8F454200D495CA /* Lookahead.cpp */ = {isa = PBXFileReference; fileEncoding = 4; lastKnownFileType = sourcecode.cpp.cpp; path = Lookahead.cpp; sourceTree = "<group>"; };
		CB3B408E1C8F454200D495CA /* Lookahead.hpp */ = {isa = PBXFileReference; fileEncoding = 4; lastKnownFileType = sourcecode.cpp.h; path = Lookahead.hpp; sourceTree = "<group>"; };
		CB3B409D1C8F45B600D495CA /* BlankPiece.cpp */ = {isa = PBXFileReference; fileEncoding = 4; lastKnownFileType = sourcecode.cpp.cpp; path = BlankPiece.cpp; sourceTree = "<group>"; };
		CB3B409E1C8F45B600D495CA /* BlankPiece.hpp */ = {isa = PBXFileReference; fileEncoding = 4; lastKnownFileType = sourcecode.cpp.h; path = BlankPiece.hpp; sourceTree = "<group>"; };
		E4328143138ABC890047C5CB /* openFrameworksLib.xcodeproj */ = {isa = PBXFileReference; lastKnownFileType = "wrapper.pb-project"; name = openFrameworksLib.xcodeproj; path = ../../../libs/openFrameworksCompiled/project/osx/openFrameworksLib.xcodeproj; sourceTree = SOURCE_ROOT; };
		E4B69B5B0A3A1756003C02F2 /* papTermTwoCourseWorkDebug.app */ = {isa = PBXFileReference; explicitFileType = wrapper.application; includeInIndex = 0; path = papTermTwoCourseWorkDebug.app; sourceTree = BUILT_PRODUCTS_DIR; };
		E4B69E1D0A3A1BDC003C02F2 /* main.cpp */ = {isa = PBXFileReference; fileEncoding = 30; lastKnownFileType = sourcecode.cpp.cpp; name = main.cpp; path = src/main.cpp; sourceTree = SOURCE_ROOT; };
		E4B69E1E0A3A1BDC003C02F2 /* ofApp.cpp */ = {isa = PBXFileReference; explicitFileType = sourcecode.cpp.cpp; fileEncoding = 30; name = ofApp.cpp; path = src/ofApp.cpp; sourceTree = SOURCE_ROOT; };
		E4B69E1F0A3A1BDC003C02F2 /* ofApp.h */ = {isa = PBXFileReference; fileEncoding = 30; lastKnownFileType = sourcecode.c.h; name = ofApp.h; path = src/ofApp.h; sourceTree = SOURCE_ROOT; };
		E4B6FCAD0C3E899E008CF71C /* openFrameworks-Info.plist */ = {isa = PBXFileReference; fileEncoding = 30; lastKnownFileType = text.plist.xml; path = "openFrameworks-Info.plist"; sourceTree = "<group>"; };
		E4EB691F138AFCF100A09F29 /* CoreOF.xcconfig */ = {isa = PBXFileReference; fileEncoding = 4; lastKnownFileType = text.xcconfig; name = CoreOF.xcconfig; path = ../../../libs/openFrameworksCompiled/project/osx/CoreOF.xcconfig; sourceTree = SOURCE_ROOT; };
		E4EB6923138AFD0F00A09F29 /* Project.xcconfig */ = {isa = PBXFileReference; fileEncoding = 4; lastKnownFileType = text.xcconfig; path = Project.xcconfig; sourceTree = "<group>"; };
/* End PBXFileReference section */

/* Begin PBXFrameworksBuildPhase section */
		E4B69B590A3A1756003C02F2 /* Frameworks */ = {
			isa = PBXFrameworksBuildPhase;
			buildActionMask = 2147483647;
			files = (
				E4328149138ABC9F0047C5CB /* openFrameworksDebug.a in Frameworks */,
			);
			runOnlyForDeploymentPostprocessing = 0;
		};
/* End PBXFrameworksBuildPhase section */

/* Begin PBXGroup section */
		6948EE371B920CB800B5AC1A /* local_addons */ = {
			isa = PBXGroup;
			children = (
			);
			name = local_addons;
			sourceTree = "<group>";
		};
		BB4B014C10F69532006C3DED /* addons */ = {
			isa = PBXGroup;
			children = (
			);
			name = addons;
			sourceTree = "<group>";
		};
		CB3B406D1C8F454200D495CA /* Util */ = {
			isa = PBXGroup;
			children = (
				CB3B406E1C8F454200D495CA /* Button.cpp */,
				CB3B406F1C8F454200D495CA /* Button.hpp */,
				CB06F9151C987434006F6690 /* GameState.cpp */,
				CB06F9161C987434006F6690 /* GameState.hpp */,
				CB3B40701C8F454200D495CA /* ImageBank.cpp */,
				CB3B40711C8F454200D495CA /* ImageBank.hpp */,
				CB3B40721C8F454200D495CA /* State.hpp */,
			);
			path = Util;
			sourceTree = "<group>";
		};
		CB3B40731C8F454200D495CA /* Game */ = {
			isa = PBXGroup;
			children = (
				CB3B40761C8F454200D495CA /* GamePieces */,
				CB3B40741C8F454200D495CA /* Game.cpp */,
				CB3B40751C8F454200D495CA /* Game.hpp */,
				CB3B40831C8F454200D495CA /* Player.cpp */,
				CB3B40841C8F454200D495CA /* Player.hpp */,
			);
			path = Game;
			sourceTree = "<group>";
		};
		CB3B40761C8F454200D495CA /* GamePieces */ = {
			isa = PBXGroup;
			children = (
				CB3B40771C8F454200D495CA /* ChickPiece.cpp */,
				CB3B40781C8F454200D495CA /* ChickPiece.hpp */,
				CB3B40791C8F454200D495CA /* ElephantPiece.cpp */,
				CB3B407A1C8F454200D495CA /* ElephantPiece.hpp */,
				CB3B407B1C8F454200D495CA /* GamePiece.cpp */,
				CB3B407C1C8F454200D495CA /* GamePiece.hpp */,
				CB3B407D1C8F454200D495CA /* GiraffePiece.cpp */,
				CB3B407E1C8F454200D495CA /* GiraffePiece.hpp */,
				CB3B407F1C8F454200D495CA /* HenPiece.cpp */,
				CB3B40801C8F454200D495CA /* HenPiece.hpp */,
				CB3B40811C8F454200D495CA /* LionPiece.cpp */,
				CB3B40821C8F454200D495CA /* LionPiece.hpp */,
				CB3B409D1C8F45B600D495CA /* BlankPiece.cpp */,
				CB3B409E1C8F45B600D495CA /* BlankPiece.hpp */,
			);
			path = GamePieces;
			sourceTree = "<group>";
		};
		CB3B40851C8F454200D495CA /* Frontend */ = {
			isa = PBXGroup;
			children = (
				CB3B40861C8F454200D495CA /* Frontend.cpp */,
				CB3B40871C8F454200D495CA /* Frontend.hpp */,
				CB3B40881C8F454200D495CA /* GameOver.cpp */,
				CB3B40891C8F454200D495CA /* GameOver.hpp */,
				CB06F9191C99BBA5006F6690 /* AISettings.cpp */,
				CB06F91A1C99BBA5006F6690 /* AISettings.hpp */,
			);
			path = Frontend;
			sourceTree = "<group>";
		};
		CB3B408A1C8F454200D495CA /* AI */ = {
			isa = PBXGroup;
			children = (
				CB3B408B1C8F454200D495CA /* AIBrain.cpp */,
				CB3B408C1C8F454200D495CA /* AIBrain.hpp */,
				CB3B408D1C8F454200D495CA /* Lookahead.cpp */,
				CB3B408E1C8F454200D495CA /* Lookahead.hpp */,
			);
			path = AI;
			sourceTree = "<group>";
		};
		E4328144138ABC890047C5CB /* Products */ = {
			isa = PBXGroup;
			children = (
				E4328148138ABC890047C5CB /* openFrameworksDebug.a */,
			);
			name = Products;
			sourceTree = "<group>";
		};
		E4B69B4A0A3A1720003C02F2 = {
			isa = PBXGroup;
			children = (
				E4B6FCAD0C3E899E008CF71C /* openFrameworks-Info.plist */,
				E4EB6923138AFD0F00A09F29 /* Project.xcconfig */,
				E4B69E1C0A3A1BDC003C02F2 /* src */,
				E4EEC9E9138DF44700A80321 /* openFrameworks */,
				BB4B014C10F69532006C3DED /* addons */,
				6948EE371B920CB800B5AC1A /* local_addons */,
				E4B69B5B0A3A1756003C02F2 /* papTermTwoCourseWorkDebug.app */,
			);
			sourceTree = "<group>";
		};
		E4B69E1C0A3A1BDC003C02F2 /* src */ = {
			isa = PBXGroup;
			children = (
				CB3B406D1C8F454200D495CA /* Util */,
				CB3B40731C8F454200D495CA /* Game */,
				CB3B40851C8F454200D495CA /* Frontend */,
				CB3B408A1C8F454200D495CA /* AI */,
				E4B69E1D0A3A1BDC003C02F2 /* main.cpp */,
				E4B69E1E0A3A1BDC003C02F2 /* ofApp.cpp */,
				E4B69E1F0A3A1BDC003C02F2 /* ofApp.h */,
			);
			path = src;
			sourceTree = SOURCE_ROOT;
		};
		E4EEC9E9138DF44700A80321 /* openFrameworks */ = {
			isa = PBXGroup;
			children = (
				E4EB691F138AFCF100A09F29 /* CoreOF.xcconfig */,
				E4328143138ABC890047C5CB /* openFrameworksLib.xcodeproj */,
			);
			name = openFrameworks;
			sourceTree = "<group>";
		};
/* End PBXGroup section */

/* Begin PBXNativeTarget section */
		E4B69B5A0A3A1756003C02F2 /* papTermTwoCourseWork */ = {
			isa = PBXNativeTarget;
			buildConfigurationList = E4B69B5F0A3A1757003C02F2 /* Build configuration list for PBXNativeTarget "papTermTwoCourseWork" */;
			buildPhases = (
				E4B69B580A3A1756003C02F2 /* Sources */,
				E4B69B590A3A1756003C02F2 /* Frameworks */,
				E4B6FFFD0C3F9AB9008CF71C /* ShellScript */,
				E4C2427710CC5ABF004149E2 /* CopyFiles */,
			);
			buildRules = (
			);
			dependencies = (
				E4EEB9AC138B136A00A80321 /* PBXTargetDependency */,
			);
			name = papTermTwoCourseWork;
			productName = myOFApp;
			productReference = E4B69B5B0A3A1756003C02F2 /* papTermTwoCourseWorkDebug.app */;
			productType = "com.apple.product-type.application";
		};
/* End PBXNativeTarget section */

/* Begin PBXProject section */
		E4B69B4C0A3A1720003C02F2 /* Project object */ = {
			isa = PBXProject;
			attributes = {
				LastUpgradeCheck = 0600;
			};
			buildConfigurationList = E4B69B4D0A3A1720003C02F2 /* Build configuration list for PBXProject "papTermTwoCourseWork" */;
			compatibilityVersion = "Xcode 3.2";
			developmentRegion = English;
			hasScannedForEncodings = 0;
			knownRegions = (
				English,
				Japanese,
				French,
				German,
			);
			mainGroup = E4B69B4A0A3A1720003C02F2;
			productRefGroup = E4B69B4A0A3A1720003C02F2;
			projectDirPath = "";
			projectReferences = (
				{
					ProductGroup = E4328144138ABC890047C5CB /* Products */;
					ProjectRef = E4328143138ABC890047C5CB /* openFrameworksLib.xcodeproj */;
				},
			);
			projectRoot = "";
			targets = (
				E4B69B5A0A3A1756003C02F2 /* papTermTwoCourseWork */,
			);
		};
/* End PBXProject section */

/* Begin PBXReferenceProxy section */
		E4328148138ABC890047C5CB /* openFrameworksDebug.a */ = {
			isa = PBXReferenceProxy;
			fileType = archive.ar;
			path = openFrameworksDebug.a;
			remoteRef = E4328147138ABC890047C5CB /* PBXContainerItemProxy */;
			sourceTree = BUILT_PRODUCTS_DIR;
		};
/* End PBXReferenceProxy section */

/* Begin PBXShellScriptBuildPhase section */
		E4B6FFFD0C3F9AB9008CF71C /* ShellScript */ = {
			isa = PBXShellScriptBuildPhase;
			buildActionMask = 2147483647;
			files = (
			);
			inputPaths = (
			);
			outputPaths = (
			);
			runOnlyForDeploymentPostprocessing = 0;
			shellPath = /bin/sh;
			shellScript = "rsync -aved ../../../libs/fmodex/lib/osx/libfmodex.dylib \"$TARGET_BUILD_DIR/$PRODUCT_NAME.app/Contents/MacOS/\"; install_name_tool -change ./libfmodex.dylib @executable_path/libfmodex.dylib \"$TARGET_BUILD_DIR/$PRODUCT_NAME.app/Contents/MacOS/$PRODUCT_NAME\";\nmkdir -p \"$TARGET_BUILD_DIR/$PRODUCT_NAME.app/Contents/Resources/\"\nrsync -aved \"$ICON_FILE\" \"$TARGET_BUILD_DIR/$PRODUCT_NAME.app/Contents/Resources/\"\nrsync -aved ../../../libs/glut/lib/osx/GLUT.framework \"$TARGET_BUILD_DIR/$PRODUCT_NAME.app/Contents/Frameworks/\"\n";
		};
/* End PBXShellScriptBuildPhase section */

/* Begin PBXSourcesBuildPhase section */
		E4B69B580A3A1756003C02F2 /* Sources */ = {
			isa = PBXSourcesBuildPhase;
			buildActionMask = 2147483647;
			files = (
				E4B69E200A3A1BDC003C02F2 /* main.cpp in Sources */,
				CB3B409A1C8F454200D495CA /* GameOver.cpp in Sources */,
				CB06F91B1C99BBA5006F6690 /* AISettings.cpp in Sources */,
				CB3B409B1C8F454200D495CA /* AIBrain.cpp in Sources */,
				CB3B40961C8F454200D495CA /* HenPiece.cpp in Sources */,
				CB3B40931C8F454200D495CA /* ElephantPiece.cpp in Sources */,
				CB3B40941C8F454200D495CA /* GamePiece.cpp in Sources */,
				CB3B40901C8F454200D495CA /* ImageBank.cpp in Sources */,
				CB06F9171C987434006F6690 /* GameState.cpp in Sources */,
				CB3B409C1C8F454200D495CA /* Lookahead.cpp in Sources */,
				CB3B40971C8F454200D495CA /* LionPiece.cpp in Sources */,
				CB3B40911C8F454200D495CA /* Game.cpp in Sources */,
				CB3B40981C8F454200D495CA /* Player.cpp in Sources */,
				E4B69E210A3A1BDC003C02F2 /* ofApp.cpp in Sources */,
				CB3B40951C8F454200D495CA /* GiraffePiece.cpp in Sources */,
				CB3B409F1C8F45B600D495CA /* BlankPiece.cpp in Sources */,
				CB3B40921C8F454200D495CA /* ChickPiece.cpp in Sources */,
				CB3B408F1C8F454200D495CA /* Button.cpp in Sources */,
				CB3B40991C8F454200D495CA /* Frontend.cpp in Sources */,
			);
			runOnlyForDeploymentPostprocessing = 0;
		};
/* End PBXSourcesBuildPhase section */

/* Begin PBXTargetDependency section */
		E4EEB9AC138B136A00A80321 /* PBXTargetDependency */ = {
			isa = PBXTargetDependency;
			name = openFrameworks;
			targetProxy = E4EEB9AB138B136A00A80321 /* PBXContainerItemProxy */;
		};
/* End PBXTargetDependency section */

/* Begin XCBuildConfiguration section */
		E4B69B4E0A3A1720003C02F2 /* Debug */ = {
			isa = XCBuildConfiguration;
			baseConfigurationReference = E4EB6923138AFD0F00A09F29 /* Project.xcconfig */;
			buildSettings = {
				CONFIGURATION_BUILD_DIR = "$(SRCROOT)/bin/";
				COPY_PHASE_STRIP = NO;
				DEAD_CODE_STRIPPING = YES;
				GCC_AUTO_VECTORIZATION = YES;
				GCC_ENABLE_SSE3_EXTENSIONS = YES;
				GCC_ENABLE_SUPPLEMENTAL_SSE3_INSTRUCTIONS = YES;
				GCC_INLINES_ARE_PRIVATE_EXTERN = NO;
				GCC_OPTIMIZATION_LEVEL = 0;
				GCC_SYMBOLS_PRIVATE_EXTERN = NO;
				GCC_WARN_ABOUT_DEPRECATED_FUNCTIONS = YES;
				GCC_WARN_ABOUT_INVALID_OFFSETOF_MACRO = NO;
				GCC_WARN_ALLOW_INCOMPLETE_PROTOCOL = NO;
				GCC_WARN_UNINITIALIZED_AUTOS = NO;
				GCC_WARN_UNUSED_VALUE = NO;
				GCC_WARN_UNUSED_VARIABLE = NO;
				MACOSX_DEPLOYMENT_TARGET = 10.8;
				ONLY_ACTIVE_ARCH = YES;
				OTHER_CPLUSPLUSFLAGS = (
					"-D__MACOSX_CORE__",
					"-mtune=native",
				);
				SDKROOT = macosx;
			};
			name = Debug;
		};
		E4B69B4F0A3A1720003C02F2 /* Release */ = {
			isa = XCBuildConfiguration;
			baseConfigurationReference = E4EB6923138AFD0F00A09F29 /* Project.xcconfig */;
			buildSettings = {
				CONFIGURATION_BUILD_DIR = "$(SRCROOT)/bin/";
				COPY_PHASE_STRIP = YES;
				DEAD_CODE_STRIPPING = YES;
				GCC_AUTO_VECTORIZATION = YES;
				GCC_ENABLE_SSE3_EXTENSIONS = YES;
				GCC_ENABLE_SUPPLEMENTAL_SSE3_INSTRUCTIONS = YES;
				GCC_INLINES_ARE_PRIVATE_EXTERN = NO;
				GCC_OPTIMIZATION_LEVEL = 3;
				GCC_SYMBOLS_PRIVATE_EXTERN = NO;
				GCC_UNROLL_LOOPS = YES;
				GCC_WARN_ABOUT_DEPRECATED_FUNCTIONS = YES;
				GCC_WARN_ABOUT_INVALID_OFFSETOF_MACRO = NO;
				GCC_WARN_ALLOW_INCOMPLETE_PROTOCOL = NO;
				GCC_WARN_UNINITIALIZED_AUTOS = NO;
				GCC_WARN_UNUSED_VALUE = NO;
				GCC_WARN_UNUSED_VARIABLE = NO;
				MACOSX_DEPLOYMENT_TARGET = 10.8;
				OTHER_CPLUSPLUSFLAGS = (
					"-D__MACOSX_CORE__",
					"-mtune=native",
				);
				SDKROOT = macosx;
			};
			name = Release;
		};
		E4B69B600A3A1757003C02F2 /* Debug */ = {
			isa = XCBuildConfiguration;
			baseConfigurationReference = E4EB6923138AFD0F00A09F29 /* Project.xcconfig */;
			buildSettings = {
				COMBINE_HIDPI_IMAGES = YES;
				COPY_PHASE_STRIP = NO;
				FRAMEWORK_SEARCH_PATHS = (
					"$(inherited)",
					"$(FRAMEWORK_SEARCH_PATHS_QUOTED_FOR_TARGET_1)",
				);
				FRAMEWORK_SEARCH_PATHS_QUOTED_FOR_TARGET_1 = "\"$(SRCROOT)/../../../libs/glut/lib/osx\"";
				GCC_DYNAMIC_NO_PIC = NO;
				GCC_GENERATE_DEBUGGING_SYMBOLS = YES;
				GCC_MODEL_TUNING = NONE;
				ICON = "$(ICON_NAME_DEBUG)";
				ICON_FILE = "$(ICON_FILE_PATH)$(ICON)";
				INFOPLIST_FILE = "openFrameworks-Info.plist";
				INSTALL_PATH = "$(HOME)/Applications";
				LIBRARY_SEARCH_PATHS = "$(inherited)";
				PRODUCT_NAME = "$(TARGET_NAME)Debug";
				WRAPPER_EXTENSION = app;
			};
			name = Debug;
		};
		E4B69B610A3A1757003C02F2 /* Release */ = {
			isa = XCBuildConfiguration;
			baseConfigurationReference = E4EB6923138AFD0F00A09F29 /* Project.xcconfig */;
			buildSettings = {
				COMBINE_HIDPI_IMAGES = YES;
				COPY_PHASE_STRIP = YES;
				FRAMEWORK_SEARCH_PATHS = (
					"$(inherited)",
					"$(FRAMEWORK_SEARCH_PATHS_QUOTED_FOR_TARGET_1)",
				);
				FRAMEWORK_SEARCH_PATHS_QUOTED_FOR_TARGET_1 = "\"$(SRCROOT)/../../../libs/glut/lib/osx\"";
				GCC_GENERATE_DEBUGGING_SYMBOLS = YES;
				GCC_MODEL_TUNING = NONE;
				ICON = "$(ICON_NAME_RELEASE)";
				ICON_FILE = "$(ICON_FILE_PATH)$(ICON)";
				INFOPLIST_FILE = "openFrameworks-Info.plist";
				INSTALL_PATH = "$(HOME)/Applications";
				LIBRARY_SEARCH_PATHS = "$(inherited)";
				PRODUCT_NAME = "$(TARGET_NAME)";
				WRAPPER_EXTENSION = app;
				baseConfigurationReference = E4EB6923138AFD0F00A09F29;
			};
			name = Release;
		};
/* End XCBuildConfiguration section */

/* Begin XCConfigurationList section */
		E4B69B4D0A3A1720003C02F2 /* Build configuration list for PBXProject "papTermTwoCourseWork" */ = {
			isa = XCConfigurationList;
			buildConfigurations = (
				E4B69B4E0A3A1720003C02F2 /* Debug */,
				E4B69B4F0A3A1720003C02F2 /* Release */,
			);
			defaultConfigurationIsVisible = 0;
			defaultConfigurationName = Release;
		};
		E4B69B5F0A3A1757003C02F2 /* Build configuration list for PBXNativeTarget "papTermTwoCourseWork" */ = {
			isa = XCConfigurationList;
			buildConfigurations = (
				E4B69B600A3A1757003C02F2 /* Debug */,
				E4B69B610A3A1757003C02F2 /* Release */,
			);
			defaultConfigurationIsVisible = 0;
			defaultConfigurationName = Release;
		};
/* End XCConfigurationList section */
	};
	rootObject = E4B69B4C0A3A1720003C02F2 /* Project object */;
}
